github.com/456vv/vbody v1.1.2 h1:febofronsUWQ2gu1jg5UNkB58gDya9qELWsSeitynZE=
github.com/456vv/vbody v1.1.2/go.mod h1:DRQZ0SZvg14nfVvIK1GX6N39nalRtGsH4cpNQyxVXPs=
github.com/456vv/vcipher v1.0.0/go.mod h1:Ib5Q1Jj8l4nHlS7GZ3MDwWFsJzQ8slCxZjWFRYbhAmQ=
github.com/456vv/vconn v1.0.0/go.mod h1:82B8d4Yv+vbcLZ30sCQ/GMDm5ZqlB+Rh+1o4i4hCtHM=
github.com/456vv/vconnpool v1.0.0/go.mod h1:xz5JzTwr8tRu2tWKfhBAii5AEb9lpd335dTZBsVhSoI=
github.com/456vv/vmap/v2 v2.0.0/go.mod h1:geFop2M5cQZuO1wo/Rjec3F9JNqx3CrjB2JoYOFBfik=
github.com/456vv/vmap/v2 v2.1.1 h1:4f7pJeMumALweKEUorAVvAtCbSRUv2YiwD0ouXnwlow=
github.com/456vv/vmap/v2 v2.1.1/go.mod h1:geFop2M5cQZuO1wo/Rjec3F9JNqx3CrjB2JoYOFBfik=
github.com/456vv/vweb v1.1.0/go.mod h1:yniuA1I3sv6I0XkUyhZZQv20S/ioABA6K816IGUGSWU=
github.com/456vv/vweb v1.2.1 h1:ObXpZ4RaZQTagB35yWPN/wiARtDrTl/6+tASrzO9VWw=
github.com/456vv/vweb v1.2.1/go.mod h1:XYdadCACqVyuxbLbK2u2uC8shbWeQ9IvImQsKYRCke8=
github.com/fsnotify/fsnotify v1.4.7/go.mod h1:jwhsz4b93w/PPRr/qN1Yymfu8t87LnFCMoQvtojpjFo=
github.com/golang/sys v0.0.0-20181206074257-70b957f3b65e h1:64n8hE6C5VgER+Jy8F4TKkXiaZxQKc79pZ91FhtNJYQ=
github.com/golang/sys v0.0.0-20181206074257-70b957f3b65e/go.mod h1:5JyrLPvD/ZdaYkT7IqKhsP5xt7aLjA99KXRtk4EIYDk=
github.com/mattn/go-runewidth v0.0.3/go.mod h1:LwmH8dsx7+W8Uxz3IHJYH5QSwggIsqBzpuz5H//U1FU=
github.com/peterh/liner v1.1.0/go.mod h1:CRroGNssyjTd/qIG2FyxByd2S8JEAZXBl4qUrZf8GS0=
github.com/qiniu/qlang v0.0.0-20190907152943-bae5c3dacbdf h1:Pwo+BdWL6tkciuZ/nopltqqPZRr1r4Amz7cONJ2bqHI=
github.com/qiniu/qlang v0.0.0-20190907152943-bae5c3dacbdf/go.mod h1:pfScRruvuYDZ1/dT/voq+Q1s74CXWzmTNhlAFxIB/hA=
github.com/qiniu/text v0.0.0-20190906154525-bf29e80e366e h1:khXpvN+c0iYq2szBAyuIo8L8J49vZgG5J5cKDAO6anU=
github.com/qiniu/text v0.0.0-20190906154525-bf29e80e366e/go.mod h1:v9y6inngR3QcljoFfgmBN+ukkI4WBItyzxMfyHao1C4=
github.com/visualfc/pkgwalk v1.0.0/go.mod h1:1FBUxT6vBvYFqrUQVNrrmn1Nu30snrj2pTKlQMku3Tg=
