github.com/456vv/vconn v1.0.0/go.mod h1:41abt/kdRcmSjn2CK/niLs2lfXGQprb6ox//z5YG8/4=
github.com/456vv/vconnpool v1.0.0/go.mod h1:xz5JzTwr8tRu2tWKfhBAii5AEb9lpd335dTZBsVhSoI=
github.com/456vv/vmap/v2 v2.0.0/go.mod h1:geFop2M5cQZuO1wo/Rjec3F9JNqx3CrjB2JoYOFBfik=
github.com/456vv/vweb v1.0.0 h1:NDsgihh53/LBJWRpPpLf68P+TvsCzlTQsdk1WBF1448=
github.com/456vv/vweb v1.0.0/go.mod h1:yniuA1I3sv6I0XkUyhZZQv20S/ioABA6K816IGUGSWU=
